
Microsoft Visual Studio Solution File, Format Version 12.00
# Visual Studio Version 17
VisualStudioVersion = 17.9.34701.34
MinimumVisualStudioVersion = 10.0.40219.1
Project("{9A19103F-16F7-4668-BE54-9A1E7A4F7556}") = "Application", "Application\Application.csproj", "{0F17265E-E08F-40E2-A0AE-59C8E86FB61A}"
EndProject
Project("{9A19103F-16F7-4668-BE54-9A1E7A4F7556}") = "Domain", "Domain\Domain.csproj", "{3C0DBE7C-BFF1-413C-9BD5-719C535F8CFD}"
EndProject
Project("{9A19103F-16F7-4668-BE54-9A1E7A4F7556}") = "Infrastructure", "Infrastructure\Infrastructure.csproj", "{306B5243-24F4-40FB-9036-12773BF58FE8}"
EndProject
Project("{9A19103F-16F7-4668-BE54-9A1E7A4F7556}") = "WebAPI", "WebAPI\WebAPI.csproj", "{E9F4DD68-1977-4A18-803E-4D56D811764C}"
EndProject
Global
	GlobalSection(SolutionConfigurationPlatforms) = preSolution
		Debug|Any CPU = Debug|Any CPU
		Release|Any CPU = Release|Any CPU
	EndGlobalSection
	GlobalSection(ProjectConfigurationPlatforms) = postSolution
		{0F17265E-E08F-40E2-A0AE-59C8E86FB61A}.Debug|Any CPU.ActiveCfg = Debug|Any CPU
		{0F17265E-E08F-40E2-A0AE-59C8E86FB61A}.Debug|Any CPU.Build.0 = Debug|Any CPU
		{0F17265E-E08F-40E2-A0AE-59C8E86FB61A}.Release|Any CPU.ActiveCfg = Release|Any CPU
		{0F17265E-E08F-40E2-A0AE-59C8E86FB61A}.Release|Any CPU.Build.0 = Release|Any CPU
		{3C0DBE7C-BFF1-413C-9BD5-719C535F8CFD}.Debug|Any CPU.ActiveCfg = Debug|Any CPU
		{3C0DBE7C-BFF1-413C-9BD5-719C535F8CFD}.Debug|Any CPU.Build.0 = Debug|Any CPU
		{3C0DBE7C-BFF1-413C-9BD5-719C535F8CFD}.Release|Any CPU.ActiveCfg = Release|Any CPU
		{3C0DBE7C-BFF1-413C-9BD5-719C535F8CFD}.Release|Any CPU.Build.0 = Release|Any CPU
		{306B5243-24F4-40FB-9036-12773BF58FE8}.Debug|Any CPU.ActiveCfg = Debug|Any CPU
		{306B5243-24F4-40FB-9036-12773BF58FE8}.Debug|Any CPU.Build.0 = Debug|Any CPU
		{306B5243-24F4-40FB-9036-12773BF58FE8}.Release|Any CPU.ActiveCfg = Release|Any CPU
		{306B5243-24F4-40FB-9036-12773BF58FE8}.Release|Any CPU.Build.0 = Release|Any CPU
		{E9F4DD68-1977-4A18-803E-4D56D811764C}.Debug|Any CPU.ActiveCfg = Debug|Any CPU
		{E9F4DD68-1977-4A18-803E-4D56D811764C}.Debug|Any CPU.Build.0 = Debug|Any CPU
		{E9F4DD68-1977-4A18-803E-4D56D811764C}.Release|Any CPU.ActiveCfg = Release|Any CPU
		{E9F4DD68-1977-4A18-803E-4D56D811764C}.Release|Any CPU.Build.0 = Release|Any CPU
	EndGlobalSection
	GlobalSection(SolutionProperties) = preSolution
		HideSolutionNode = FALSE
	EndGlobalSection
	GlobalSection(ExtensibilityGlobals) = postSolution
		SolutionGuid = {9E905B7D-2EF5-4C74-9456-9B243058BDC2}
	EndGlobalSection
EndGlobal
